
Microsoft Visual Studio Solution File, Format Version 12.00
# Visual Studio 15
VisualStudioVersion = 15.0.26124.0
MinimumVisualStudioVersion = 15.0.26124.0
Project("{FAE04EC0-301F-11D3-BF4B-00C04F79EFBC}") = "API", "API\API.csproj", "{A786EDA5-0B21-4DD7-A8FB-72C3A39EE466}"
EndProject
Project("{FAE04EC0-301F-11D3-BF4B-00C04F79EFBC}") = "Core", "Core\Core.csproj", "{27EBCB20-7676-47C0-B970-16C1AC0B1DA7}"
EndProject
Project("{FAE04EC0-301F-11D3-BF4B-00C04F79EFBC}") = "Infrastructure", "Infrastructure\Infrastructure.csproj", "{C18DB9FA-E25B-4335-826A-5F93DFFB01DA}"
EndProject
Global
	GlobalSection(SolutionConfigurationPlatforms) = preSolution
		Debug|Any CPU = Debug|Any CPU
		Debug|x64 = Debug|x64
		Debug|x86 = Debug|x86
		Release|Any CPU = Release|Any CPU
		Release|x64 = Release|x64
		Release|x86 = Release|x86
	EndGlobalSection
	GlobalSection(SolutionProperties) = preSolution
		HideSolutionNode = FALSE
	EndGlobalSection
	GlobalSection(ProjectConfigurationPlatforms) = postSolution
		{A786EDA5-0B21-4DD7-A8FB-72C3A39EE466}.Debug|Any CPU.ActiveCfg = Debug|Any CPU
		{A786EDA5-0B21-4DD7-A8FB-72C3A39EE466}.Debug|Any CPU.Build.0 = Debug|Any CPU
		{A786EDA5-0B21-4DD7-A8FB-72C3A39EE466}.Debug|x64.ActiveCfg = Debug|Any CPU
		{A786EDA5-0B21-4DD7-A8FB-72C3A39EE466}.Debug|x64.Build.0 = Debug|Any CPU
		{A786EDA5-0B21-4DD7-A8FB-72C3A39EE466}.Debug|x86.ActiveCfg = Debug|Any CPU
		{A786EDA5-0B21-4DD7-A8FB-72C3A39EE466}.Debug|x86.Build.0 = Debug|Any CPU
		{A786EDA5-0B21-4DD7-A8FB-72C3A39EE466}.Release|Any CPU.ActiveCfg = Release|Any CPU
		{A786EDA5-0B21-4DD7-A8FB-72C3A39EE466}.Release|Any CPU.Build.0 = Release|Any CPU
		{A786EDA5-0B21-4DD7-A8FB-72C3A39EE466}.Release|x64.ActiveCfg = Release|Any CPU
		{A786EDA5-0B21-4DD7-A8FB-72C3A39EE466}.Release|x64.Build.0 = Release|Any CPU
		{A786EDA5-0B21-4DD7-A8FB-72C3A39EE466}.Release|x86.ActiveCfg = Release|Any CPU
		{A786EDA5-0B21-4DD7-A8FB-72C3A39EE466}.Release|x86.Build.0 = Release|Any CPU
		{27EBCB20-7676-47C0-B970-16C1AC0B1DA7}.Debug|Any CPU.ActiveCfg = Debug|Any CPU
		{27EBCB20-7676-47C0-B970-16C1AC0B1DA7}.Debug|Any CPU.Build.0 = Debug|Any CPU
		{27EBCB20-7676-47C0-B970-16C1AC0B1DA7}.Debug|x64.ActiveCfg = Debug|Any CPU
		{27EBCB20-7676-47C0-B970-16C1AC0B1DA7}.Debug|x64.Build.0 = Debug|Any CPU
		{27EBCB20-7676-47C0-B970-16C1AC0B1DA7}.Debug|x86.ActiveCfg = Debug|Any CPU
		{27EBCB20-7676-47C0-B970-16C1AC0B1DA7}.Debug|x86.Build.0 = Debug|Any CPU
		{27EBCB20-7676-47C0-B970-16C1AC0B1DA7}.Release|Any CPU.ActiveCfg = Release|Any CPU
		{27EBCB20-7676-47C0-B970-16C1AC0B1DA7}.Release|Any CPU.Build.0 = Release|Any CPU
		{27EBCB20-7676-47C0-B970-16C1AC0B1DA7}.Release|x64.ActiveCfg = Release|Any CPU
		{27EBCB20-7676-47C0-B970-16C1AC0B1DA7}.Release|x64.Build.0 = Release|Any CPU
		{27EBCB20-7676-47C0-B970-16C1AC0B1DA7}.Release|x86.ActiveCfg = Release|Any CPU
		{27EBCB20-7676-47C0-B970-16C1AC0B1DA7}.Release|x86.Build.0 = Release|Any CPU
		{C18DB9FA-E25B-4335-826A-5F93DFFB01DA}.Debug|Any CPU.ActiveCfg = Debug|Any CPU
		{C18DB9FA-E25B-4335-826A-5F93DFFB01DA}.Debug|Any CPU.Build.0 = Debug|Any CPU
		{C18DB9FA-E25B-4335-826A-5F93DFFB01DA}.Debug|x64.ActiveCfg = Debug|Any CPU
		{C18DB9FA-E25B-4335-826A-5F93DFFB01DA}.Debug|x64.Build.0 = Debug|Any CPU
		{C18DB9FA-E25B-4335-826A-5F93DFFB01DA}.Debug|x86.ActiveCfg = Debug|Any CPU
		{C18DB9FA-E25B-4335-826A-5F93DFFB01DA}.Debug|x86.Build.0 = Debug|Any CPU
		{C18DB9FA-E25B-4335-826A-5F93DFFB01DA}.Release|Any CPU.ActiveCfg = Release|Any CPU
		{C18DB9FA-E25B-4335-826A-5F93DFFB01DA}.Release|Any CPU.Build.0 = Release|Any CPU
		{C18DB9FA-E25B-4335-826A-5F93DFFB01DA}.Release|x64.ActiveCfg = Release|Any CPU
		{C18DB9FA-E25B-4335-826A-5F93DFFB01DA}.Release|x64.Build.0 = Release|Any CPU
		{C18DB9FA-E25B-4335-826A-5F93DFFB01DA}.Release|x86.ActiveCfg = Release|Any CPU
		{C18DB9FA-E25B-4335-826A-5F93DFFB01DA}.Release|x86.Build.0 = Release|Any CPU
	EndGlobalSection
EndGlobal
